
Microsoft Visual Studio Solution File, Format Version 12.00
# Visual Studio 15
VisualStudioVersion = 15.0.28010.2041
MinimumVisualStudioVersion = 10.0.40219.1
Project("{2150E333-8FDC-42A3-9474-1A3956D46DE8}") = "DataAccessLayer", "DataAccessLayer", "{1ABA20E6-5BAA-450D-8DEB-9675393E6CD0}"
EndProject
Project("{FAE04EC0-301F-11D3-BF4B-00C04F79EFBC}") = "Repository", "Repository\Repository.csproj", "{19CF4063-2657-4E6D-A26D-B45FB2BECACB}"
EndProject
Project("{FAE04EC0-301F-11D3-BF4B-00C04F79EFBC}") = "Repository.Contract", "Repository.Contract\Repository.Contract.csproj", "{DBE335F8-D256-4F94-BBEB-A2C348F9C51F}"
EndProject
Project("{2150E333-8FDC-42A3-9474-1A3956D46DE8}") = "Business", "Business", "{F6CE813E-74D0-4343-8EA5-8A7B541281E4}"
EndProject
Project("{FAE04EC0-301F-11D3-BF4B-00C04F79EFBC}") = "GoParty.Business", "GoParty.Business\GoParty.Business.csproj", "{33A1CC0F-B255-49AF-88E3-5503CC4E8E64}"
EndProject
Project("{FAE04EC0-301F-11D3-BF4B-00C04F79EFBC}") = "GoParty.Business.Contract", "GoParty.Business.Contract\GoParty.Business.Contract.csproj", "{73D75633-9AC7-4C75-89BA-C2093A529430}"
EndProject
Project("{FAE04EC0-301F-11D3-BF4B-00C04F79EFBC}") = "GoParty.WebApplication", "GoParty.WebApplication\GoParty.WebApplication.csproj", "{71CE86DC-60B7-461C-908C-C06452246259}"
EndProject
Project("{FAE04EC0-301F-11D3-BF4B-00C04F79EFBC}") = "DependencyResolver", "DependencyResolver\DependencyResolver.csproj", "{0689D8C0-2714-4F20-8781-7047E6646A75}"
EndProject
Global
	GlobalSection(SolutionConfigurationPlatforms) = preSolution
		Debug|Any CPU = Debug|Any CPU
		Release|Any CPU = Release|Any CPU
	EndGlobalSection
	GlobalSection(ProjectConfigurationPlatforms) = postSolution
		{19CF4063-2657-4E6D-A26D-B45FB2BECACB}.Debug|Any CPU.ActiveCfg = Debug|Any CPU
		{19CF4063-2657-4E6D-A26D-B45FB2BECACB}.Debug|Any CPU.Build.0 = Debug|Any CPU
		{19CF4063-2657-4E6D-A26D-B45FB2BECACB}.Release|Any CPU.ActiveCfg = Release|Any CPU
		{19CF4063-2657-4E6D-A26D-B45FB2BECACB}.Release|Any CPU.Build.0 = Release|Any CPU
		{DBE335F8-D256-4F94-BBEB-A2C348F9C51F}.Debug|Any CPU.ActiveCfg = Debug|Any CPU
		{DBE335F8-D256-4F94-BBEB-A2C348F9C51F}.Debug|Any CPU.Build.0 = Debug|Any CPU
		{DBE335F8-D256-4F94-BBEB-A2C348F9C51F}.Release|Any CPU.ActiveCfg = Release|Any CPU
		{DBE335F8-D256-4F94-BBEB-A2C348F9C51F}.Release|Any CPU.Build.0 = Release|Any CPU
		{33A1CC0F-B255-49AF-88E3-5503CC4E8E64}.Debug|Any CPU.ActiveCfg = Debug|Any CPU
		{33A1CC0F-B255-49AF-88E3-5503CC4E8E64}.Debug|Any CPU.Build.0 = Debug|Any CPU
		{33A1CC0F-B255-49AF-88E3-5503CC4E8E64}.Release|Any CPU.ActiveCfg = Release|Any CPU
		{33A1CC0F-B255-49AF-88E3-5503CC4E8E64}.Release|Any CPU.Build.0 = Release|Any CPU
		{73D75633-9AC7-4C75-89BA-C2093A529430}.Debug|Any CPU.ActiveCfg = Debug|Any CPU
		{73D75633-9AC7-4C75-89BA-C2093A529430}.Debug|Any CPU.Build.0 = Debug|Any CPU
		{73D75633-9AC7-4C75-89BA-C2093A529430}.Release|Any CPU.ActiveCfg = Release|Any CPU
		{73D75633-9AC7-4C75-89BA-C2093A529430}.Release|Any CPU.Build.0 = Release|Any CPU
		{71CE86DC-60B7-461C-908C-C06452246259}.Debug|Any CPU.ActiveCfg = Debug|Any CPU
		{71CE86DC-60B7-461C-908C-C06452246259}.Debug|Any CPU.Build.0 = Debug|Any CPU
		{71CE86DC-60B7-461C-908C-C06452246259}.Release|Any CPU.ActiveCfg = Release|Any CPU
		{71CE86DC-60B7-461C-908C-C06452246259}.Release|Any CPU.Build.0 = Release|Any CPU
		{0689D8C0-2714-4F20-8781-7047E6646A75}.Debug|Any CPU.ActiveCfg = Debug|Any CPU
		{0689D8C0-2714-4F20-8781-7047E6646A75}.Debug|Any CPU.Build.0 = Debug|Any CPU
		{0689D8C0-2714-4F20-8781-7047E6646A75}.Release|Any CPU.ActiveCfg = Release|Any CPU
		{0689D8C0-2714-4F20-8781-7047E6646A75}.Release|Any CPU.Build.0 = Release|Any CPU
	EndGlobalSection
	GlobalSection(SolutionProperties) = preSolution
		HideSolutionNode = FALSE
	EndGlobalSection
	GlobalSection(NestedProjects) = preSolution
		{19CF4063-2657-4E6D-A26D-B45FB2BECACB} = {1ABA20E6-5BAA-450D-8DEB-9675393E6CD0}
		{DBE335F8-D256-4F94-BBEB-A2C348F9C51F} = {1ABA20E6-5BAA-450D-8DEB-9675393E6CD0}
		{33A1CC0F-B255-49AF-88E3-5503CC4E8E64} = {F6CE813E-74D0-4343-8EA5-8A7B541281E4}
		{73D75633-9AC7-4C75-89BA-C2093A529430} = {F6CE813E-74D0-4343-8EA5-8A7B541281E4}
	EndGlobalSection
	GlobalSection(ExtensibilityGlobals) = postSolution
		SolutionGuid = {2DFA4E08-2148-4392-99D3-91268E59B362}
	EndGlobalSection
EndGlobal
